
Microsoft Visual Studio Solution File, Format Version 12.00
# Visual Studio Version 17
VisualStudioVersion = 17.6.33829.357
MinimumVisualStudioVersion = 10.0.40219.1
Project("{FAE04EC0-301F-11D3-BF4B-00C04F79EFBC}") = "Hospitality", "Hospitality.csproj", "{EEA97181-D317-423B-9AFE-7A4A79A98B6C}"
EndProject
Global
	GlobalSection(SolutionConfigurationPlatforms) = preSolution
		Debug|Any CPU = Debug|Any CPU
		Release|Any CPU = Release|Any CPU
	EndGlobalSection
	GlobalSection(ProjectConfigurationPlatforms) = postSolution
		{EEA97181-D317-423B-9AFE-7A4A79A98B6C}.Debug|Any CPU.ActiveCfg = Debug|Any CPU
		{EEA97181-D317-423B-9AFE-7A4A79A98B6C}.Debug|Any CPU.Build.0 = Debug|Any CPU
		{EEA97181-D317-423B-9AFE-7A4A79A98B6C}.Release|Any CPU.ActiveCfg = Release|Any CPU
		{EEA97181-D317-423B-9AFE-7A4A79A98B6C}.Release|Any CPU.Build.0 = Release|Any CPU
	EndGlobalSection
	GlobalSection(SolutionProperties) = preSolution
		HideSolutionNode = FALSE
	EndGlobalSection
	GlobalSection(ExtensibilityGlobals) = postSolution
		SolutionGuid = {476D82E1-C56F-44A6-8C92-C099DF473ED7}
	EndGlobalSection
EndGlobal
